// !$*UTF8*$!
{
	archiveVersion = 1;
	classes = {
	};
	objectVersion = 46;
	objects = {

/* Begin PBXBuildFile section */
		1C394D3E1F4585CE0041B0B5 /* main.m in Sources */ = {isa = PBXBuildFile; fileRef = 1C394D3D1F4585CE0041B0B5 /* main.m */; };
		1C394D411F4585CE0041B0B5 /* AppDelegate.m in Sources */ = {isa = PBXBuildFile; fileRef = 1C394D401F4585CE0041B0B5 /* AppDelegate.m */; };
		1C394D441F4585CE0041B0B5 /* ViewController.m in Sources */ = {isa = PBXBuildFile; fileRef = 1C394D431F4585CE0041B0B5 /* ViewController.m */; };
		1C394D471F4585CE0041B0B5 /* Main.storyboard in Resources */ = {isa = PBXBuildFile; fileRef = 1C394D451F4585CE0041B0B5 /* Main.storyboard */; };
		1C394D491F4585CE0041B0B5 /* Assets.xcassets in Resources */ = {isa = PBXBuildFile; fileRef = 1C394D481F4585CE0041B0B5 /* Assets.xcassets */; };
		1C394D4C1F4585CE0041B0B5 /* LaunchScreen.storyboard in Resources */ = {isa = PBXBuildFile; fileRef = 1C394D4A1F4585CE0041B0B5 /* LaunchScreen.storyboard */; };
		1C394D551F45863C0041B0B5 /* IJKMediaFramework.framework in Frameworks */ = {isa = PBXBuildFile; fileRef = 1C394D541F45863C0041B0B5 /* IJKMediaFramework.framework */; };
		1C394D581F45866C0041B0B5 /* libz.tbd in Frameworks */ = {isa = PBXBuildFile; fileRef = 1C394D571F45866C0041B0B5 /* libz.tbd */; };
		1C394D5A1F45867B0041B0B5 /* libbz2.tbd in Frameworks */ = {isa = PBXBuildFile; fileRef = 1C394D591F45867B0041B0B5 /* libbz2.tbd */; };
		1C394D5C1F45868A0041B0B5 /* AudioToolbox.framework in Frameworks */ = {isa = PBXBuildFile; fileRef = 1C394D5B1F45868A0041B0B5 /* AudioToolbox.framework */; };
		1C394D5E1F4586950041B0B5 /* AVFoundation.framework in Frameworks */ = {isa = PBXBuildFile; fileRef = 1C394D5D1F4586950041B0B5 /* AVFoundation.framework */; };
		1C394D601F4586A10041B0B5 /* CoreGraphics.framework in Frameworks */ = {isa = PBXBuildFile; fileRef = 1C394D5F1F4586A10041B0B5 /* CoreGraphics.framework */; };
		1C394D621F4586AF0041B0B5 /* CoreMedia.framework in Frameworks */ = {isa = PBXBuildFile; fileRef = 1C394D611F4586AF0041B0B5 /* CoreMedia.framework */; };
		1C394D641F4586BC0041B0B5 /* CoreVideo.framework in Frameworks */ = {isa = PBXBuildFile; fileRef = 1C394D631F4586BC0041B0B5 /* CoreVideo.framework */; };
		1C394D661F4586DE0041B0B5 /* MediaPlayer.framework in Frameworks */ = {isa = PBXBuildFile; fileRef = 1C394D651F4586DE0041B0B5 /* MediaPlayer.framework */; };
		1C394D681F4586F50041B0B5 /* MobileCoreServices.framework in Frameworks */ = {isa = PBXBuildFile; fileRef = 1C394D671F4586F50041B0B5 /* MobileCoreServices.framework */; };
		1C394D6A1F4587050041B0B5 /* OpenGLES.framework in Frameworks */ = {isa = PBXBuildFile; fileRef = 1C394D691F4587050041B0B5 /* OpenGLES.framework */; };
		1C394D6C1F4587140041B0B5 /* QuartzCore.framework in Frameworks */ = {isa = PBXBuildFile; fileRef = 1C394D6B1F4587140041B0B5 /* QuartzCore.framework */; };
		1C394D6E1F4587210041B0B5 /* UIKit.framework in Frameworks */ = {isa = PBXBuildFile; fileRef = 1C394D6D1F4587210041B0B5 /* UIKit.framework */; };
		1C394D701F45872E0041B0B5 /* VideoToolbox.framework in Frameworks */ = {isa = PBXBuildFile; fileRef = 1C394D6F1F45872E0041B0B5 /* VideoToolbox.framework */; };
		1C394D721F45947E0041B0B5 /* libc++.tbd in Frameworks */ = {isa = PBXBuildFile; fileRef = 1C394D711F45947E0041B0B5 /* libc++.tbd */; };
/* End PBXBuildFile section */

/* Begin PBXFileReference section */
		1C394D391F4585CE0041B0B5 /* IJKPlayerTest.app */ = {isa = PBXFileReference; explicitFileType = wrapper.application; includeInIndex = 0; path = IJKPlayerTest.app; sourceTree = BUILT_PRODUCTS_DIR; };
		1C394D3D1F4585CE0041B0B5 /* main.m */ = {isa = PBXFileReference; lastKnownFileType = sourcecode.c.objc; path = main.m; sourceTree = "<group>"; };
		1C394D3F1F4585CE0041B0B5 /* AppDelegate.h */ = {isa = PBXFileReference; lastKnownFileType = sourcecode.c.h; path = AppDelegate.h; sourceTree = "<group>"; };
		1C394D401F4585CE0041B0B5 /* AppDelegate.m */ = {isa = PBXFileReference; lastKnownFileType = sourcecode.c.objc; path = AppDelegate.m; sourceTree = "<group>"; };
		1C394D421F4585CE0041B0B5 /* ViewController.h */ = {isa = PBXFileReference; lastKnownFileType = sourcecode.c.h; path = ViewController.h; sourceTree = "<group>"; };
		1C394D431F4585CE0041B0B5 /* ViewController.m */ = {isa = PBXFileReference; lastKnownFileType = sourcecode.c.objc; path = ViewController.m; sourceTree = "<group>"; };
		1C394D461F4585CE0041B0B5 /* Base */ = {isa = PBXFileReference; lastKnownFileType = file.storyboard; name = Base; path = Base.lproj/Main.storyboard; sourceTree = "<group>"; };
		1C394D481F4585CE0041B0B5 /* Assets.xcassets */ = {isa = PBXFileReference; lastKnownFileType = folder.assetcatalog; path = Assets.xcassets; sourceTree = "<group>"; };
		1C394D4B1F4585CE0041B0B5 /* Base */ = {isa = PBXFileReference; lastKnownFileType = file.storyboard; name = Base; path = Base.lproj/LaunchScreen.storyboard; sourceTree = "<group>"; };
		1C394D4D1F4585CE0041B0B5 /* Info.plist */ = {isa = PBXFileReference; lastKnownFileType = text.plist.xml; path = Info.plist; sourceTree = "<group>"; };
		1C394D541F45863C0041B0B5 /* IJKMediaFramework.framework */ = {isa = PBXFileReference; lastKnownFileType = wrapper.framework; path = IJKMediaFramework.framework; sourceTree = "<group>"; };
		1C394D571F45866C0041B0B5 /* libz.tbd */ = {isa = PBXFileReference; lastKnownFileType = "sourcecode.text-based-dylib-definition"; name = libz.tbd; path = usr/lib/libz.tbd; sourceTree = SDKROOT; };
		1C394D591F45867B0041B0B5 /* libbz2.tbd */ = {isa = PBXFileReference; lastKnownFileType = "sourcecode.text-based-dylib-definition"; name = libbz2.tbd; path = usr/lib/libbz2.tbd; sourceTree = SDKROOT; };
		1C394D5B1F45868A0041B0B5 /* AudioToolbox.framework */ = {isa = PBXFileReference; lastKnownFileType = wrapper.framework; name = AudioToolbox.framework; path = System/Library/Frameworks/AudioToolbox.framework; sourceTree = SDKROOT; };
		1C394D5D1F4586950041B0B5 /* AVFoundation.framework */ = {isa = PBXFileReference; lastKnownFileType = wrapper.framework; name = AVFoundation.framework; path = System/Library/Frameworks/AVFoundation.framework; sourceTree = SDKROOT; };
		1C394D5F1F4586A10041B0B5 /* CoreGraphics.framework */ = {isa = PBXFileReference; lastKnownFileType = wrapper.framework; name = CoreGraphics.framework; path = System/Library/Frameworks/CoreGraphics.framework; sourceTree = SDKROOT; };
		1C394D611F4586AF0041B0B5 /* CoreMedia.framework */ = {isa = PBXFileReference; lastKnownFileType = wrapper.framework; name = CoreMedia.framework; path = System/Library/Frameworks/CoreMedia.framework; sourceTree = SDKROOT; };
		1C394D631F4586BC0041B0B5 /* CoreVideo.framework */ = {isa = PBXFileReference; lastKnownFileType = wrapper.framework; name = CoreVideo.framework; path = System/Library/Frameworks/CoreVideo.framework; sourceTree = SDKROOT; };
		1C394D651F4586DE0041B0B5 /* MediaPlayer.framework */ = {isa = PBXFileReference; lastKnownFileType = wrapper.framework; name = MediaPlayer.framework; path = System/Library/Frameworks/MediaPlayer.framework; sourceTree = SDKROOT; };
		1C394D671F4586F50041B0B5 /* MobileCoreServices.framework */ = {isa = PBXFileReference; lastKnownFileType = wrapper.framework; name = MobileCoreServices.framework; path = System/Library/Frameworks/MobileCoreServices.framework; sourceTree = SDKROOT; };
		1C394D691F4587050041B0B5 /* OpenGLES.framework */ = {isa = PBXFileReference; lastKnownFileType = wrapper.framework; name = OpenGLES.framework; path = System/Library/Frameworks/OpenGLES.framework; sourceTree = SDKROOT; };
		1C394D6B1F4587140041B0B5 /* QuartzCore.framework */ = {isa = PBXFileReference; lastKnownFileType = wrapper.framework; name = QuartzCore.framework; path = System/Library/Frameworks/QuartzCore.framework; sourceTree = SDKROOT; };
		1C394D6D1F4587210041B0B5 /* UIKit.framework */ = {isa = PBXFileReference; lastKnownFileType = wrapper.framework; name = UIKit.framework; path = System/Library/Frameworks/UIKit.framework; sourceTree = SDKROOT; };
		1C394D6F1F45872E0041B0B5 /* VideoToolbox.framework */ = {isa = PBXFileReference; lastKnownFileType = wrapper.framework; name = VideoToolbox.framework; path = System/Library/Frameworks/VideoToolbox.framework; sourceTree = SDKROOT; };
		1C394D711F45947E0041B0B5 /* libc++.tbd */ = {isa = PBXFileReference; lastKnownFileType = "sourcecode.text-based-dylib-definition"; name = "libc++.tbd"; path = "usr/lib/libc++.tbd"; sourceTree = SDKROOT; };
/* End PBXFileReference section */

/* Begin PBXFrameworksBuildPhase section */
		1C394D361F4585CE0041B0B5 /* Frameworks */ = {
			isa = PBXFrameworksBuildPhase;
			buildActionMask = 2147483647;
			files = (
				1C394D721F45947E0041B0B5 /* libc++.tbd in Frameworks */,
				1C394D701F45872E0041B0B5 /* VideoToolbox.framework in Frameworks */,
				1C394D6E1F4587210041B0B5 /* UIKit.framework in Frameworks */,
				1C394D6C1F4587140041B0B5 /* QuartzCore.framework in Frameworks */,
				1C394D6A1F4587050041B0B5 /* OpenGLES.framework in Frameworks */,
				1C394D681F4586F50041B0B5 /* MobileCoreServices.framework in Frameworks */,
				1C394D661F4586DE0041B0B5 /* MediaPlayer.framework in Frameworks */,
				1C394D641F4586BC0041B0B5 /* CoreVideo.framework in Frameworks */,
				1C394D621F4586AF0041B0B5 /* CoreMedia.framework in Frameworks */,
				1C394D601F4586A10041B0B5 /* CoreGraphics.framework in Frameworks */,
				1C394D5E1F4586950041B0B5 /* AVFoundation.framework in Frameworks */,
				1C394D5C1F45868A0041B0B5 /* AudioToolbox.framework in Frameworks */,
				1C394D5A1F45867B0041B0B5 /* libbz2.tbd in Frameworks */,
				1C394D581F45866C0041B0B5 /* libz.tbd in Frameworks */,
				1C394D551F45863C0041B0B5 /* IJKMediaFramework.framework in Frameworks */,
			);
			runOnlyForDeploymentPostprocessing = 0;
		};
/* End PBXFrameworksBuildPhase section */

/* Begin PBXGroup section */
		1C394D301F4585CE0041B0B5 = {
			isa = PBXGroup;
			children = (
				1C394D531F4586180041B0B5 /* framework */,
				1C394D3B1F4585CE0041B0B5 /* IJKPlayerTest */,
				1C394D3A1F4585CE0041B0B5 /* Products */,
				1C394D561F45866C0041B0B5 /* Frameworks */,
			);
			sourceTree = "<group>";
		};
		1C394D3A1F4585CE0041B0B5 /* Products */ = {
			isa = PBXGroup;
			children = (
				1C394D391F4585CE0041B0B5 /* IJKPlayerTest.app */,
			);
			name = Products;
			sourceTree = "<group>";
		};
		1C394D3B1F4585CE0041B0B5 /* IJKPlayerTest */ = {
			isa = PBXGroup;
			children = (
				1C394D3F1F4585CE0041B0B5 /* AppDelegate.h */,
				1C394D401F4585CE0041B0B5 /* AppDelegate.m */,
				1C394D421F4585CE0041B0B5 /* ViewController.h */,
				1C394D431F4585CE0041B0B5 /* ViewController.m */,
				1C394D451F4585CE0041B0B5 /* Main.storyboard */,
				1C394D481F4585CE0041B0B5 /* Assets.xcassets */,
				1C394D4A1F4585CE0041B0B5 /* LaunchScreen.storyboard */,
				1C394D4D1F4585CE0041B0B5 /* Info.plist */,
				1C394D3C1F4585CE0041B0B5 /* Supporting Files */,
			);
			path = IJKPlayerTest;
			sourceTree = "<group>";
		};
		1C394D3C1F4585CE0041B0B5 /* Supporting Files */ = {
			isa = PBXGroup;
			children = (
				1C394D3D1F4585CE0041B0B5 /* main.m */,
			);
			name = "Supporting Files";
			sourceTree = "<group>";
		};
		1C394D531F4586180041B0B5 /* framework */ = {
			isa = PBXGroup;
			children = (
				1C394D541F45863C0041B0B5 /* IJKMediaFramework.framework */,
			);
			path = framework;
			sourceTree = "<group>";
		};
		1C394D561F45866C0041B0B5 /* Frameworks */ = {
			isa = PBXGroup;
			children = (
				1C394D711F45947E0041B0B5 /* libc++.tbd */,
				1C394D6F1F45872E0041B0B5 /* VideoToolbox.framework */,
				1C394D6D1F4587210041B0B5 /* UIKit.framework */,
				1C394D6B1F4587140041B0B5 /* QuartzCore.framework */,
				1C394D691F4587050041B0B5 /* OpenGLES.framework */,
				1C394D671F4586F50041B0B5 /* MobileCoreServices.framework */,
				1C394D651F4586DE0041B0B5 /* MediaPlayer.framework */,
				1C394D631F4586BC0041B0B5 /* CoreVideo.framework */,
				1C394D611F4586AF0041B0B5 /* CoreMedia.framework */,
				1C394D5F1F4586A10041B0B5 /* CoreGraphics.framework */,
				1C394D5D1F4586950041B0B5 /* AVFoundation.framework */,
				1C394D5B1F45868A0041B0B5 /* AudioToolbox.framework */,
				1C394D591F45867B0041B0B5 /* libbz2.tbd */,
				1C394D571F45866C0041B0B5 /* libz.tbd */,
			);
			name = Frameworks;
			sourceTree = "<group>";
		};
/* End PBXGroup section */

/* Begin PBXNativeTarget section */
		1C394D381F4585CE0041B0B5 /* IJKPlayerTest */ = {
			isa = PBXNativeTarget;
			buildConfigurationList = 1C394D501F4585CE0041B0B5 /* Build configuration list for PBXNativeTarget "IJKPlayerTest" */;
			buildPhases = (
				1C394D351F4585CE0041B0B5 /* Sources */,
				1C394D361F4585CE0041B0B5 /* Frameworks */,
				1C394D371F4585CE0041B0B5 /* Resources */,
			);
			buildRules = (
			);
			dependencies = (
			);
			name = IJKPlayerTest;
			productName = IJKPlayerTest;
			productReference = 1C394D391F4585CE0041B0B5 /* IJKPlayerTest.app */;
			productType = "com.apple.product-type.application";
		};
/* End PBXNativeTarget section */

/* Begin PBXProject section */
		1C394D311F4585CE0041B0B5 /* Project object */ = {
			isa = PBXProject;
			attributes = {
				LastUpgradeCheck = 0830;
				ORGANIZATIONNAME = xubojoy;
				TargetAttributes = {
					1C394D381F4585CE0041B0B5 = {
						CreatedOnToolsVersion = 8.3.3;
						DevelopmentTeam = 475AM2DC65;
						ProvisioningStyle = Automatic;
					};
				};
			};
			buildConfigurationList = 1C394D341F4585CE0041B0B5 /* Build configuration list for PBXProject "IJKPlayerTest" */;
			compatibilityVersion = "Xcode 3.2";
			developmentRegion = English;
			hasScannedForEncodings = 0;
			knownRegions = (
				en,
				Base,
			);
			mainGroup = 1C394D301F4585CE0041B0B5;
			productRefGroup = 1C394D3A1F4585CE0041B0B5 /* Products */;
			projectDirPath = "";
			projectRoot = "";
			targets = (
				1C394D381F4585CE0041B0B5 /* IJKPlayerTest */,
			);
		};
/* End PBXProject section */

/* Begin PBXResourcesBuildPhase section */
		1C394D371F4585CE0041B0B5 /* Resources */ = {
			isa = PBXResourcesBuildPhase;
			buildActionMask = 2147483647;
			files = (
				1C394D4C1F4585CE0041B0B5 /* LaunchScreen.storyboard in Resources */,
				1C394D491F4585CE0041B0B5 /* Assets.xcassets in Resources */,
				1C394D471F4585CE0041B0B5 /* Main.storyboard in Resources */,
			);
			runOnlyForDeploymentPostprocessing = 0;
		};
/* End PBXResourcesBuildPhase section */

/* Begin PBXSourcesBuildPhase section */
		1C394D351F4585CE0041B0B5 /* Sources */ = {
			isa = PBXSourcesBuildPhase;
			buildActionMask = 2147483647;
			files = (
				1C394D441F4585CE0041B0B5 /* ViewController.m in Sources */,
				1C394D411F4585CE0041B0B5 /* AppDelegate.m in Sources */,
				1C394D3E1F4585CE0041B0B5 /* main.m in Sources */,
			);
			runOnlyForDeploymentPostprocessing = 0;
		};
/* End PBXSourcesBuildPhase section */

/* Begin PBXVariantGroup section */
		1C394D451F4585CE0041B0B5 /* Main.storyboard */ = {
			isa = PBXVariantGroup;
			children = (
				1C394D461F4585CE0041B0B5 /* Base */,
			);
			name = Main.storyboard;
			sourceTree = "<group>";
		};
		1C394D4A1F4585CE0041B0B5 /* LaunchScreen.storyboard */ = {
			isa = PBXVariantGroup;
			children = (
				1C394D4B1F4585CE0041B0B5 /* Base */,
			);
			name = LaunchScreen.storyboard;
			sourceTree = "<group>";
		};
/* End PBXVariantGroup section */

/* Begin XCBuildConfiguration section */
		1C394D4E1F4585CE0041B0B5 /* Debug */ = {
			isa = XCBuildConfiguration;
			buildSettings = {
				ALWAYS_SEARCH_USER_PATHS = NO;
				CLANG_ANALYZER_NONNULL = YES;
				CLANG_ANALYZER_NUMBER_OBJECT_CONVERSION = YES_AGGRESSIVE;
				CLANG_CXX_LANGUAGE_STANDARD = "gnu++0x";
				CLANG_CXX_LIBRARY = "libc++";
				CLANG_ENABLE_MODULES = YES;
				CLANG_ENABLE_OBJC_ARC = YES;
				CLANG_WARN_BOOL_CONVERSION = YES;
				CLANG_WARN_CONSTANT_CONVERSION = YES;
				CLANG_WARN_DIRECT_OBJC_ISA_USAGE = YES_ERROR;
				CLANG_WARN_DOCUMENTATION_COMMENTS = YES;
				CLANG_WARN_EMPTY_BODY = YES;
				CLANG_WARN_ENUM_CONVERSION = YES;
				CLANG_WARN_INFINITE_RECURSION = YES;
				CLANG_WARN_INT_CONVERSION = YES;
				CLANG_WARN_OBJC_ROOT_CLASS = YES_ERROR;
				CLANG_WARN_SUSPICIOUS_MOVE = YES;
				CLANG_WARN_UNREACHABLE_CODE = YES;
				CLANG_WARN__DUPLICATE_METHOD_MATCH = YES;
				"CODE_SIGN_IDENTITY[sdk=iphoneos*]" = "iPhone Developer";
				COPY_PHASE_STRIP = NO;
				DEBUG_INFORMATION_FORMAT = dwarf;
				ENABLE_STRICT_OBJC_MSGSEND = YES;
				ENABLE_TESTABILITY = YES;
				GCC_C_LANGUAGE_STANDARD = gnu99;
				GCC_DYNAMIC_NO_PIC = NO;
				GCC_NO_COMMON_BLOCKS = YES;
				GCC_OPTIMIZATION_LEVEL = 0;
				GCC_PREPROCESSOR_DEFINITIONS = (
					"DEBUG=1",
					"$(inherited)",
				);
				GCC_WARN_64_TO_32_BIT_CONVERSION = YES;
				GCC_WARN_ABOUT_RETURN_TYPE = YES_ERROR;
				GCC_WARN_UNDECLARED_SELECTOR = YES;
				GCC_WARN_UNINITIALIZED_AUTOS = YES_AGGRESSIVE;
				GCC_WARN_UNUSED_FUNCTION = YES;
				GCC_WARN_UNUSED_VARIABLE = YES;
				IPHONEOS_DEPLOYMENT_TARGET = 10.3;
				MTL_ENABLE_DEBUG_INFO = YES;
				ONLY_ACTIVE_ARCH = YES;
				SDKROOT = iphoneos;
			};
			name = Debug;
		};
		1C394D4F1F4585CE0041B0B5 /* Release */ = {
			isa = XCBuildConfiguration;
			buildSettings = {
				ALWAYS_SEARCH_USER_PATHS = NO;
				CLANG_ANALYZER_NONNULL = YES;
				CLANG_ANALYZER_NUMBER_OBJECT_CONVERSION = YES_AGGRESSIVE;
				CLANG_CXX_LANGUAGE_STANDARD = "gnu++0x";
				CLANG_CXX_LIBRARY = "libc++";
				CLANG_ENABLE_MODULES = YES;
				CLANG_ENABLE_OBJC_ARC = YES;
				CLANG_WARN_BOOL_CONVERSION = YES;
				CLANG_WARN_CONSTANT_CONVERSION = YES;
				CLANG_WARN_DIRECT_OBJC_ISA_USAGE = YES_ERROR;
				CLANG_WARN_DOCUMENTATION_COMMENTS = YES;
				CLANG_WARN_EMPTY_BODY = YES;
				CLANG_WARN_ENUM_CONVERSION = YES;
				CLANG_WARN_INFINITE_RECURSION = YES;
				CLANG_WARN_INT_CONVERSION = YES;
				CLANG_WARN_OBJC_ROOT_CLASS = YES_ERROR;
				CLANG_WARN_SUSPICIOUS_MOVE = YES;
				CLANG_WARN_UNREACHABLE_CODE = YES;
				CLANG_WARN__DUPLICATE_METHOD_MATCH = YES;
				"CODE_SIGN_IDENTITY[sdk=iphoneos*]" = "iPhone Developer";
				COPY_PHASE_STRIP = NO;
				DEBUG_INFORMATION_FORMAT = "dwarf-with-dsym";
				ENABLE_NS_ASSERTIONS = NO;
				ENABLE_STRICT_OBJC_MSGSEND = YES;
				GCC_C_LANGUAGE_STANDARD = gnu99;
				GCC_NO_COMMON_BLOCKS = YES;
				GCC_WARN_64_TO_32_BIT_CONVERSION = YES;
				GCC_WARN_ABOUT_RETURN_TYPE = YES_ERROR;
				GCC_WARN_UNDECLARED_SELECTOR = YES;
				GCC_WARN_UNINITIALIZED_AUTOS = YES_AGGRESSIVE;
				GCC_WARN_UNUSED_FUNCTION = YES;
				GCC_WARN_UNUSED_VARIABLE = YES;
				IPHONEOS_DEPLOYMENT_TARGET = 10.3;
				MTL_ENABLE_DEBUG_INFO = NO;
				SDKROOT = iphoneos;
				VALIDATE_PRODUCT = YES;
			};
			name = Release;
		};
		1C394D511F4585CE0041B0B5 /* Debug */ = {
			isa = XCBuildConfiguration;
			buildSettings = {
				ASSETCATALOG_COMPILER_APPICON_NAME = AppIcon;
				DEVELOPMENT_TEAM = 475AM2DC65;
				ENABLE_BITCODE = NO;
				FRAMEWORK_SEARCH_PATHS = (
					"$(inherited)",
					"$(PROJECT_DIR)/framework",
				);
				INFOPLIST_FILE = IJKPlayerTest/Info.plist;
				LD_RUNPATH_SEARCH_PATHS = "$(inherited) @executable_path/Frameworks";
				PRODUCT_BUNDLE_IDENTIFIER = com.golfd.IJKPlayerTest;
				PRODUCT_NAME = "$(TARGET_NAME)";
			};
			name = Debug;
		};
		1C394D521F4585CE0041B0B5 /* Release */ = {
			isa = XCBuildConfiguration;
			buildSettings = {
				ASSETCATALOG_COMPILER_APPICON_NAME = AppIcon;
				DEVELOPMENT_TEAM = 475AM2DC65;
				ENABLE_BITCODE = NO;
				FRAMEWORK_SEARCH_PATHS = (
					"$(inherited)",
					"$(PROJECT_DIR)/framework",
				);
				INFOPLIST_FILE = IJKPlayerTest/Info.plist;
				LD_RUNPATH_SEARCH_PATHS = "$(inherited) @executable_path/Frameworks";
				PRODUCT_BUNDLE_IDENTIFIER = com.golfd.IJKPlayerTest;
				PRODUCT_NAME = "$(TARGET_NAME)";
			};
			name = Release;
		};
/* End XCBuildConfiguration section */

/* Begin XCConfigurationList section */
		1C394D341F4585CE0041B0B5 /* Build configuration list for PBXProject "IJKPlayerTest" */ = {
			isa = XCConfigurationList;
			buildConfigurations = (
				1C394D4E1F4585CE0041B0B5 /* Debug */,
				1C394D4F1F4585CE0041B0B5 /* Release */,
			);
			defaultConfigurationIsVisible = 0;
			defaultConfigurationName = Release;
		};
		1C394D501F4585CE0041B0B5 /* Build configuration list for PBXNativeTarget "IJKPlayerTest" */ = {
			isa = XCConfigurationList;
			buildConfigurations = (
				1C394D511F4585CE0041B0B5 /* Debug */,
				1C394D521F4585CE0041B0B5 /* Release */,
			);
			defaultConfigurationIsVisible = 0;
		};
/* End XCConfigurationList section */
	};
	rootObject = 1C394D311F4585CE0041B0B5 /* Project object */;
}
